
Microsoft Visual Studio Solution File, Format Version 12.00
# Visual Studio Version 17
VisualStudioVersion = 17.11.35327.3
MinimumVisualStudioVersion = 10.0.40219.1
Project("{FAE04EC0-301F-11D3-BF4B-00C04F79EFBC}") = "CommandService", "CommandService.csproj", "{458DD86E-3EDB-4A9E-A8FC-DCFC1067871A}"
EndProject
Global
	GlobalSection(SolutionConfigurationPlatforms) = preSolution
		Debug|Any CPU = Debug|Any CPU
		Release|Any CPU = Release|Any CPU
	EndGlobalSection
	GlobalSection(ProjectConfigurationPlatforms) = postSolution
		{458DD86E-3EDB-4A9E-A8FC-DCFC1067871A}.Debug|Any CPU.ActiveCfg = Debug|Any CPU
		{458DD86E-3EDB-4A9E-A8FC-DCFC1067871A}.Debug|Any CPU.Build.0 = Debug|Any CPU
		{458DD86E-3EDB-4A9E-A8FC-DCFC1067871A}.Release|Any CPU.ActiveCfg = Release|Any CPU
		{458DD86E-3EDB-4A9E-A8FC-DCFC1067871A}.Release|Any CPU.Build.0 = Release|Any CPU
	EndGlobalSection
	GlobalSection(SolutionProperties) = preSolution
		HideSolutionNode = FALSE
	EndGlobalSection
	GlobalSection(ExtensibilityGlobals) = postSolution
		SolutionGuid = {09A5B3E6-46A2-49E8-BBEB-B226F660007B}
	EndGlobalSection
EndGlobal
